
Microsoft Visual Studio Solution File, Format Version 12.00
# Visual Studio Version 16
VisualStudioVersion = 16.0.31410.357
MinimumVisualStudioVersion = 10.0.40219.1
Project("{FAE04EC0-301F-11D3-BF4B-00C04F79EFBC}") = "SEDC.Library.Web", "SEDC.Library.Web\SEDC.Library.Web.csproj", "{93DD7C5F-7A58-4478-B0A6-C85EC6D8BDAB}"
EndProject
Global
	GlobalSection(SolutionConfigurationPlatforms) = preSolution
		Debug|Any CPU = Debug|Any CPU
		Release|Any CPU = Release|Any CPU
	EndGlobalSection
	GlobalSection(ProjectConfigurationPlatforms) = postSolution
		{93DD7C5F-7A58-4478-B0A6-C85EC6D8BDAB}.Debug|Any CPU.ActiveCfg = Debug|Any CPU
		{93DD7C5F-7A58-4478-B0A6-C85EC6D8BDAB}.Debug|Any CPU.Build.0 = Debug|Any CPU
		{93DD7C5F-7A58-4478-B0A6-C85EC6D8BDAB}.Release|Any CPU.ActiveCfg = Release|Any CPU
		{93DD7C5F-7A58-4478-B0A6-C85EC6D8BDAB}.Release|Any CPU.Build.0 = Release|Any CPU
	EndGlobalSection
	GlobalSection(SolutionProperties) = preSolution
		HideSolutionNode = FALSE
	EndGlobalSection
	GlobalSection(ExtensibilityGlobals) = postSolution
		SolutionGuid = {66152361-AC12-4B49-8F7E-7BCA67232294}
	EndGlobalSection
EndGlobal
