
Microsoft Visual Studio Solution File, Format Version 12.00
# Visual Studio Version 16
VisualStudioVersion = 16.0.30517.126
MinimumVisualStudioVersion = 10.0.40219.1
Project("{FAE04EC0-301F-11D3-BF4B-00C04F79EFBC}") = "SEDC.AspNet.Mvc.Class07.DatabaseFirst", "SEDC.AspNet.Mvc.Class07.DatabaseFirst\SEDC.AspNet.Mvc.Class07.DatabaseFirst.csproj", "{75B36FEF-AC38-4A83-83DD-1EC6016CF447}"
EndProject
Project("{FAE04EC0-301F-11D3-BF4B-00C04F79EFBC}") = "SEDC.AspNet.Mvc.Class07.CodeFirst", "SEDC.AspNet.Mvc.Class07.CodeFirst\SEDC.AspNet.Mvc.Class07.CodeFirst.csproj", "{3152E2EF-DE9C-4AA8-B30C-3E29E690F41A}"
EndProject
Global
	GlobalSection(SolutionConfigurationPlatforms) = preSolution
		Debug|Any CPU = Debug|Any CPU
		Release|Any CPU = Release|Any CPU
	EndGlobalSection
	GlobalSection(ProjectConfigurationPlatforms) = postSolution
		{75B36FEF-AC38-4A83-83DD-1EC6016CF447}.Debug|Any CPU.ActiveCfg = Debug|Any CPU
		{75B36FEF-AC38-4A83-83DD-1EC6016CF447}.Debug|Any CPU.Build.0 = Debug|Any CPU
		{75B36FEF-AC38-4A83-83DD-1EC6016CF447}.Release|Any CPU.ActiveCfg = Release|Any CPU
		{75B36FEF-AC38-4A83-83DD-1EC6016CF447}.Release|Any CPU.Build.0 = Release|Any CPU
		{3152E2EF-DE9C-4AA8-B30C-3E29E690F41A}.Debug|Any CPU.ActiveCfg = Debug|Any CPU
		{3152E2EF-DE9C-4AA8-B30C-3E29E690F41A}.Debug|Any CPU.Build.0 = Debug|Any CPU
		{3152E2EF-DE9C-4AA8-B30C-3E29E690F41A}.Release|Any CPU.ActiveCfg = Release|Any CPU
		{3152E2EF-DE9C-4AA8-B30C-3E29E690F41A}.Release|Any CPU.Build.0 = Release|Any CPU
	EndGlobalSection
	GlobalSection(SolutionProperties) = preSolution
		HideSolutionNode = FALSE
	EndGlobalSection
	GlobalSection(ExtensibilityGlobals) = postSolution
		SolutionGuid = {C7EA9B5F-86AC-40E2-83C0-252E31F0860B}
	EndGlobalSection
EndGlobal
