
Microsoft Visual Studio Solution File, Format Version 12.00
# Visual Studio Version 16
VisualStudioVersion = 16.0.31410.357
MinimumVisualStudioVersion = 10.0.40219.1
Project("{FAE04EC0-301F-11D3-BF4B-00C04F79EFBC}") = "SEDC.PizzaApp.Web", "SEDC.PizzaApp.Web\SEDC.PizzaApp.Web.csproj", "{4CA0DA7B-D942-439D-9699-4505D1BC21BD}"
EndProject
Global
	GlobalSection(SolutionConfigurationPlatforms) = preSolution
		Debug|Any CPU = Debug|Any CPU
		Release|Any CPU = Release|Any CPU
	EndGlobalSection
	GlobalSection(ProjectConfigurationPlatforms) = postSolution
		{4CA0DA7B-D942-439D-9699-4505D1BC21BD}.Debug|Any CPU.ActiveCfg = Debug|Any CPU
		{4CA0DA7B-D942-439D-9699-4505D1BC21BD}.Debug|Any CPU.Build.0 = Debug|Any CPU
		{4CA0DA7B-D942-439D-9699-4505D1BC21BD}.Release|Any CPU.ActiveCfg = Release|Any CPU
		{4CA0DA7B-D942-439D-9699-4505D1BC21BD}.Release|Any CPU.Build.0 = Release|Any CPU
	EndGlobalSection
	GlobalSection(SolutionProperties) = preSolution
		HideSolutionNode = FALSE
	EndGlobalSection
	GlobalSection(ExtensibilityGlobals) = postSolution
		SolutionGuid = {46B2B1C3-B6D7-416B-9774-64E0187E8FC1}
	EndGlobalSection
EndGlobal
