
Microsoft Visual Studio Solution File, Format Version 12.00
# Visual Studio Version 16
VisualStudioVersion = 16.0.31424.327
MinimumVisualStudioVersion = 10.0.40219.1
Project("{FAE04EC0-301F-11D3-BF4B-00C04F79EFBC}") = "SEDC.PizzApp", "SEDC.PizzApp\SEDC.PizzApp.csproj", "{957F5D0F-F723-4937-A581-46F550A2475E}"
EndProject
Global
	GlobalSection(SolutionConfigurationPlatforms) = preSolution
		Debug|Any CPU = Debug|Any CPU
		Release|Any CPU = Release|Any CPU
	EndGlobalSection
	GlobalSection(ProjectConfigurationPlatforms) = postSolution
		{957F5D0F-F723-4937-A581-46F550A2475E}.Debug|Any CPU.ActiveCfg = Debug|Any CPU
		{957F5D0F-F723-4937-A581-46F550A2475E}.Debug|Any CPU.Build.0 = Debug|Any CPU
		{957F5D0F-F723-4937-A581-46F550A2475E}.Release|Any CPU.ActiveCfg = Release|Any CPU
		{957F5D0F-F723-4937-A581-46F550A2475E}.Release|Any CPU.Build.0 = Release|Any CPU
	EndGlobalSection
	GlobalSection(SolutionProperties) = preSolution
		HideSolutionNode = FALSE
	EndGlobalSection
	GlobalSection(ExtensibilityGlobals) = postSolution
		SolutionGuid = {74B966F8-6A7A-434D-B9E9-B01F6E83E723}
	EndGlobalSection
EndGlobal
